
Microsoft Visual Studio Solution File, Format Version 12.00
# Visual Studio 2015
Project("{FAE04EC0-301F-11D3-BF4B-00C04F79EFBC}") = "ForgottenYouth", "ForgottenYouth.csproj", "{F12931F7-FFFC-EB95-CD8E-8092679E91B1}"
EndProject
Project("{FAE04EC0-301F-11D3-BF4B-00C04F79EFBC}") = "ForgottenYouth.Plugins", "ForgottenYouth.Plugins.csproj", "{26686189-5EEE-3A92-E0EA-2EA15051A009}"
EndProject
Project("{FAE04EC0-301F-11D3-BF4B-00C04F79EFBC}") = "ForgottenYouth.Editor", "ForgottenYouth.Editor.csproj", "{A17446D8-7D68-857E-FDD2-3B4CB16ED0D9}"
EndProject
Global
	GlobalSection(SolutionConfigurationPlatforms) = preSolution
		Debug|Any CPU = Debug|Any CPU
		Release|Any CPU = Release|Any CPU
	EndGlobalSection
	GlobalSection(ProjectConfigurationPlatforms) = postSolution
		{F12931F7-FFFC-EB95-CD8E-8092679E91B1}.Debug|Any CPU.ActiveCfg = Debug|Any CPU
		{F12931F7-FFFC-EB95-CD8E-8092679E91B1}.Debug|Any CPU.Build.0 = Debug|Any CPU
		{F12931F7-FFFC-EB95-CD8E-8092679E91B1}.Release|Any CPU.ActiveCfg = Release|Any CPU
		{F12931F7-FFFC-EB95-CD8E-8092679E91B1}.Release|Any CPU.Build.0 = Release|Any CPU
		{26686189-5EEE-3A92-E0EA-2EA15051A009}.Debug|Any CPU.ActiveCfg = Debug|Any CPU
		{26686189-5EEE-3A92-E0EA-2EA15051A009}.Debug|Any CPU.Build.0 = Debug|Any CPU
		{26686189-5EEE-3A92-E0EA-2EA15051A009}.Release|Any CPU.ActiveCfg = Release|Any CPU
		{26686189-5EEE-3A92-E0EA-2EA15051A009}.Release|Any CPU.Build.0 = Release|Any CPU
		{A17446D8-7D68-857E-FDD2-3B4CB16ED0D9}.Debug|Any CPU.ActiveCfg = Debug|Any CPU
		{A17446D8-7D68-857E-FDD2-3B4CB16ED0D9}.Debug|Any CPU.Build.0 = Debug|Any CPU
		{A17446D8-7D68-857E-FDD2-3B4CB16ED0D9}.Release|Any CPU.ActiveCfg = Release|Any CPU
		{A17446D8-7D68-857E-FDD2-3B4CB16ED0D9}.Release|Any CPU.Build.0 = Release|Any CPU
	EndGlobalSection
	GlobalSection(SolutionProperties) = preSolution
		HideSolutionNode = FALSE
	EndGlobalSection
EndGlobal
